// !$*UTF8*$!
{
	archiveVersion = 1;
	classes = {
	};
	objectVersion = 46;
	objects = {

/* Begin PBXBuildFile section */
		942E8104199AA67A00D3FAF6 /* DQAnimal.m in Sources */ = {isa = PBXBuildFile; fileRef = C56187AF198F048A0021AE64 /* DQAnimal.m */; };
		C54DFFFD199DAC0F0014FDA5 /* DQAnimalLeopardinho.m in Sources */ = {isa = PBXBuildFile; fileRef = C54DFFFC199DAC0F0014FDA5 /* DQAnimalLeopardinho.m */; };
		C55A4D71198FBF1E00C5B87E /* Leopardinho.atlas in Resources */ = {isa = PBXBuildFile; fileRef = C55A4D70198FBF1E00C5B87E /* Leopardinho.atlas */; };
		C55A4D74198FC56600C5B87E /* DQIsca.m in Sources */ = {isa = PBXBuildFile; fileRef = C55A4D73198FC56600C5B87E /* DQIsca.m */; };
		C5618773198F04760021AE64 /* Foundation.framework in Frameworks */ = {isa = PBXBuildFile; fileRef = C5618772198F04760021AE64 /* Foundation.framework */; };
		C5618775198F04760021AE64 /* CoreGraphics.framework in Frameworks */ = {isa = PBXBuildFile; fileRef = C5618774198F04760021AE64 /* CoreGraphics.framework */; };
		C5618777198F04760021AE64 /* UIKit.framework in Frameworks */ = {isa = PBXBuildFile; fileRef = C5618776198F04760021AE64 /* UIKit.framework */; };
		C5618779198F04760021AE64 /* SpriteKit.framework in Frameworks */ = {isa = PBXBuildFile; fileRef = C5618778198F04760021AE64 /* SpriteKit.framework */; };
		C561877F198F04760021AE64 /* InfoPlist.strings in Resources */ = {isa = PBXBuildFile; fileRef = C561877D198F04760021AE64 /* InfoPlist.strings */; };
		C5618781198F04760021AE64 /* main.m in Sources */ = {isa = PBXBuildFile; fileRef = C5618780198F04760021AE64 /* main.m */; };
		C5618785198F04760021AE64 /* DQAppDelegate.m in Sources */ = {isa = PBXBuildFile; fileRef = C5618784198F04760021AE64 /* DQAppDelegate.m */; };
		C5618788198F04760021AE64 /* Main.storyboard in Resources */ = {isa = PBXBuildFile; fileRef = C5618786198F04760021AE64 /* Main.storyboard */; };
		C561878B198F04760021AE64 /* DQViewController.m in Sources */ = {isa = PBXBuildFile; fileRef = C561878A198F04760021AE64 /* DQViewController.m */; };
		C561878E198F04760021AE64 /* DQMyScene.m in Sources */ = {isa = PBXBuildFile; fileRef = C561878D198F04760021AE64 /* DQMyScene.m */; };
		C5618790198F04760021AE64 /* Spaceship.png in Resources */ = {isa = PBXBuildFile; fileRef = C561878F198F04760021AE64 /* Spaceship.png */; };
		C5618792198F04760021AE64 /* Images.xcassets in Resources */ = {isa = PBXBuildFile; fileRef = C5618791198F04760021AE64 /* Images.xcassets */; };
		C5618799198F04760021AE64 /* XCTest.framework in Frameworks */ = {isa = PBXBuildFile; fileRef = C5618798198F04760021AE64 /* XCTest.framework */; };
		C561879A198F04760021AE64 /* Foundation.framework in Frameworks */ = {isa = PBXBuildFile; fileRef = C5618772198F04760021AE64 /* Foundation.framework */; };
		C561879B198F04760021AE64 /* UIKit.framework in Frameworks */ = {isa = PBXBuildFile; fileRef = C5618776198F04760021AE64 /* UIKit.framework */; };
		C56187A3198F04760021AE64 /* InfoPlist.strings in Resources */ = {isa = PBXBuildFile; fileRef = C56187A1198F04760021AE64 /* InfoPlist.strings */; };
		C56187A5198F04760021AE64 /* criacaoAnimalTests.m in Sources */ = {isa = PBXBuildFile; fileRef = C56187A4198F04760021AE64 /* criacaoAnimalTests.m */; };
		C56187B0198F048A0021AE64 /* DQAnimal.m in Sources */ = {isa = PBXBuildFile; fileRef = C56187AF198F048A0021AE64 /* DQAnimal.m */; };
		C59F03C7199D4C8A00DBC3FB /* DQUteis.m in Sources */ = {isa = PBXBuildFile; fileRef = C59F03C6199D4C8A00DBC3FB /* DQUteis.m */; };
/* End PBXBuildFile section */

/* Begin PBXContainerItemProxy section */
		C561879C198F04760021AE64 /* PBXContainerItemProxy */ = {
			isa = PBXContainerItemProxy;
			containerPortal = C5618767198F04760021AE64 /* Project object */;
			proxyType = 1;
			remoteGlobalIDString = C561876E198F04760021AE64;
			remoteInfo = criacaoAnimal;
		};
/* End PBXContainerItemProxy section */

/* Begin PBXFileReference section */
		C54DFFFB199DAC0F0014FDA5 /* DQAnimalLeopardinho.h */ = {isa = PBXFileReference; fileEncoding = 4; lastKnownFileType = sourcecode.c.h; path = DQAnimalLeopardinho.h; sourceTree = "<group>"; };
		C54DFFFC199DAC0F0014FDA5 /* DQAnimalLeopardinho.m */ = {isa = PBXFileReference; fileEncoding = 4; lastKnownFileType = sourcecode.c.objc; path = DQAnimalLeopardinho.m; sourceTree = "<group>"; };
		C55A4D70198FBF1E00C5B87E /* Leopardinho.atlas */ = {isa = PBXFileReference; lastKnownFileType = folder.skatlas; path = Leopardinho.atlas; sourceTree = "<group>"; };
		C55A4D72198FC56600C5B87E /* DQIsca.h */ = {isa = PBXFileReference; fileEncoding = 4; lastKnownFileType = sourcecode.c.h; path = DQIsca.h; sourceTree = "<group>"; };
		C55A4D73198FC56600C5B87E /* DQIsca.m */ = {isa = PBXFileReference; fileEncoding = 4; lastKnownFileType = sourcecode.c.objc; path = DQIsca.m; sourceTree = "<group>"; };
		C561876F198F04760021AE64 /* criacaoAnimal.app */ = {isa = PBXFileReference; explicitFileType = wrapper.application; includeInIndex = 0; path = criacaoAnimal.app; sourceTree = BUILT_PRODUCTS_DIR; };
		C5618772198F04760021AE64 /* Foundation.framework */ = {isa = PBXFileReference; lastKnownFileType = wrapper.framework; name = Foundation.framework; path = System/Library/Frameworks/Foundation.framework; sourceTree = SDKROOT; };
		C5618774198F04760021AE64 /* CoreGraphics.framework */ = {isa = PBXFileReference; lastKnownFileType = wrapper.framework; name = CoreGraphics.framework; path = System/Library/Frameworks/CoreGraphics.framework; sourceTree = SDKROOT; };
		C5618776198F04760021AE64 /* UIKit.framework */ = {isa = PBXFileReference; lastKnownFileType = wrapper.framework; name = UIKit.framework; path = System/Library/Frameworks/UIKit.framework; sourceTree = SDKROOT; };
		C5618778198F04760021AE64 /* SpriteKit.framework */ = {isa = PBXFileReference; lastKnownFileType = wrapper.framework; name = SpriteKit.framework; path = System/Library/Frameworks/SpriteKit.framework; sourceTree = SDKROOT; };
		C561877C198F04760021AE64 /* criacaoAnimal-Info.plist */ = {isa = PBXFileReference; lastKnownFileType = text.plist.xml; path = "criacaoAnimal-Info.plist"; sourceTree = "<group>"; };
		C561877E198F04760021AE64 /* en */ = {isa = PBXFileReference; lastKnownFileType = text.plist.strings; name = en; path = en.lproj/InfoPlist.strings; sourceTree = "<group>"; };
		C5618780198F04760021AE64 /* main.m */ = {isa = PBXFileReference; lastKnownFileType = sourcecode.c.objc; path = main.m; sourceTree = "<group>"; };
		C5618782198F04760021AE64 /* criacaoAnimal-Prefix.pch */ = {isa = PBXFileReference; lastKnownFileType = sourcecode.c.h; path = "criacaoAnimal-Prefix.pch"; sourceTree = "<group>"; };
		C5618783198F04760021AE64 /* DQAppDelegate.h */ = {isa = PBXFileReference; lastKnownFileType = sourcecode.c.h; path = DQAppDelegate.h; sourceTree = "<group>"; };
		C5618784198F04760021AE64 /* DQAppDelegate.m */ = {isa = PBXFileReference; lastKnownFileType = sourcecode.c.objc; path = DQAppDelegate.m; sourceTree = "<group>"; };
		C5618787198F04760021AE64 /* Base */ = {isa = PBXFileReference; lastKnownFileType = file.storyboard; name = Base; path = Base.lproj/Main.storyboard; sourceTree = "<group>"; };
		C5618789198F04760021AE64 /* DQViewController.h */ = {isa = PBXFileReference; lastKnownFileType = sourcecode.c.h; path = DQViewController.h; sourceTree = "<group>"; };
		C561878A198F04760021AE64 /* DQViewController.m */ = {isa = PBXFileReference; lastKnownFileType = sourcecode.c.objc; path = DQViewController.m; sourceTree = "<group>"; };
		C561878C198F04760021AE64 /* DQMyScene.h */ = {isa = PBXFileReference; lastKnownFileType = sourcecode.c.h; path = DQMyScene.h; sourceTree = "<group>"; };
		C561878D198F04760021AE64 /* DQMyScene.m */ = {isa = PBXFileReference; lastKnownFileType = sourcecode.c.objc; path = DQMyScene.m; sourceTree = "<group>"; };
		C561878F198F04760021AE64 /* Spaceship.png */ = {isa = PBXFileReference; lastKnownFileType = image.png; path = Spaceship.png; sourceTree = "<group>"; };
		C5618791198F04760021AE64 /* Images.xcassets */ = {isa = PBXFileReference; lastKnownFileType = folder.assetcatalog; path = Images.xcassets; sourceTree = "<group>"; };
		C5618797198F04760021AE64 /* criacaoAnimalTests.xctest */ = {isa = PBXFileReference; explicitFileType = wrapper.cfbundle; includeInIndex = 0; path = criacaoAnimalTests.xctest; sourceTree = BUILT_PRODUCTS_DIR; };
		C5618798198F04760021AE64 /* XCTest.framework */ = {isa = PBXFileReference; lastKnownFileType = wrapper.framework; name = XCTest.framework; path = Library/Frameworks/XCTest.framework; sourceTree = DEVELOPER_DIR; };
		C56187A0198F04760021AE64 /* criacaoAnimalTests-Info.plist */ = {isa = PBXFileReference; lastKnownFileType = text.plist.xml; path = "criacaoAnimalTests-Info.plist"; sourceTree = "<group>"; };
		C56187A2198F04760021AE64 /* en */ = {isa = PBXFileReference; lastKnownFileType = text.plist.strings; name = en; path = en.lproj/InfoPlist.strings; sourceTree = "<group>"; };
		C56187A4198F04760021AE64 /* criacaoAnimalTests.m */ = {isa = PBXFileReference; lastKnownFileType = sourcecode.c.objc; path = criacaoAnimalTests.m; sourceTree = "<group>"; };
		C56187AE198F048A0021AE64 /* DQAnimal.h */ = {isa = PBXFileReference; fileEncoding = 4; lastKnownFileType = sourcecode.c.h; path = DQAnimal.h; sourceTree = "<group>"; };
		C56187AF198F048A0021AE64 /* DQAnimal.m */ = {isa = PBXFileReference; fileEncoding = 4; lastKnownFileType = sourcecode.c.objc; path = DQAnimal.m; sourceTree = "<group>"; };
		C59F03C5199D4C8A00DBC3FB /* DQUteis.h */ = {isa = PBXFileReference; fileEncoding = 4; lastKnownFileType = sourcecode.c.h; path = DQUteis.h; sourceTree = "<group>"; };
		C59F03C6199D4C8A00DBC3FB /* DQUteis.m */ = {isa = PBXFileReference; fileEncoding = 4; lastKnownFileType = sourcecode.c.objc; path = DQUteis.m; sourceTree = "<group>"; };
/* End PBXFileReference section */

/* Begin PBXFrameworksBuildPhase section */
		C561876C198F04760021AE64 /* Frameworks */ = {
			isa = PBXFrameworksBuildPhase;
			buildActionMask = 2147483647;
			files = (
				C5618775198F04760021AE64 /* CoreGraphics.framework in Frameworks */,
				C5618777198F04760021AE64 /* UIKit.framework in Frameworks */,
				C5618779198F04760021AE64 /* SpriteKit.framework in Frameworks */,
				C5618773198F04760021AE64 /* Foundation.framework in Frameworks */,
			);
			runOnlyForDeploymentPostprocessing = 0;
		};
		C5618794198F04760021AE64 /* Frameworks */ = {
			isa = PBXFrameworksBuildPhase;
			buildActionMask = 2147483647;
			files = (
				C5618799198F04760021AE64 /* XCTest.framework in Frameworks */,
				C561879B198F04760021AE64 /* UIKit.framework in Frameworks */,
				C561879A198F04760021AE64 /* Foundation.framework in Frameworks */,
			);
			runOnlyForDeploymentPostprocessing = 0;
		};
/* End PBXFrameworksBuildPhase section */

/* Begin PBXGroup section */
		C5618766198F04760021AE64 = {
			isa = PBXGroup;
			children = (
				C55A4D72198FC56600C5B87E /* DQIsca.h */,
				C55A4D73198FC56600C5B87E /* DQIsca.m */,
				C56187AE198F048A0021AE64 /* DQAnimal.h */,
				C56187AF198F048A0021AE64 /* DQAnimal.m */,
				C54DFFFB199DAC0F0014FDA5 /* DQAnimalLeopardinho.h */,
				C54DFFFC199DAC0F0014FDA5 /* DQAnimalLeopardinho.m */,
				C59F03C5199D4C8A00DBC3FB /* DQUteis.h */,
				C59F03C6199D4C8A00DBC3FB /* DQUteis.m */,
				C55A4D70198FBF1E00C5B87E /* Leopardinho.atlas */,
				C561877A198F04760021AE64 /* criacaoAnimal */,
				C561879E198F04760021AE64 /* criacaoAnimalTests */,
				C5618771198F04760021AE64 /* Frameworks */,
				C5618770198F04760021AE64 /* Products */,
			);
			sourceTree = "<group>";
		};
		C5618770198F04760021AE64 /* Products */ = {
			isa = PBXGroup;
			children = (
				C561876F198F04760021AE64 /* criacaoAnimal.app */,
				C5618797198F04760021AE64 /* criacaoAnimalTests.xctest */,
			);
			name = Products;
			sourceTree = "<group>";
		};
		C5618771198F04760021AE64 /* Frameworks */ = {
			isa = PBXGroup;
			children = (
				C5618772198F04760021AE64 /* Foundation.framework */,
				C5618774198F04760021AE64 /* CoreGraphics.framework */,
				C5618776198F04760021AE64 /* UIKit.framework */,
				C5618778198F04760021AE64 /* SpriteKit.framework */,
				C5618798198F04760021AE64 /* XCTest.framework */,
			);
			name = Frameworks;
			sourceTree = "<group>";
		};
		C561877A198F04760021AE64 /* criacaoAnimal */ = {
			isa = PBXGroup;
			children = (
				C5618783198F04760021AE64 /* DQAppDelegate.h */,
				C5618784198F04760021AE64 /* DQAppDelegate.m */,
				C5618786198F04760021AE64 /* Main.storyboard */,
				C5618789198F04760021AE64 /* DQViewController.h */,
				C561878A198F04760021AE64 /* DQViewController.m */,
				C561878C198F04760021AE64 /* DQMyScene.h */,
				C561878D198F04760021AE64 /* DQMyScene.m */,
				C561878F198F04760021AE64 /* Spaceship.png */,
				C5618791198F04760021AE64 /* Images.xcassets */,
				C561877B198F04760021AE64 /* Supporting Files */,
			);
			path = criacaoAnimal;
			sourceTree = "<group>";
		};
		C561877B198F04760021AE64 /* Supporting Files */ = {
			isa = PBXGroup;
			children = (
				C561877C198F04760021AE64 /* criacaoAnimal-Info.plist */,
				C561877D198F04760021AE64 /* InfoPlist.strings */,
				C5618780198F04760021AE64 /* main.m */,
				C5618782198F04760021AE64 /* criacaoAnimal-Prefix.pch */,
			);
			name = "Supporting Files";
			sourceTree = "<group>";
		};
		C561879E198F04760021AE64 /* criacaoAnimalTests */ = {
			isa = PBXGroup;
			children = (
				C56187A4198F04760021AE64 /* criacaoAnimalTests.m */,
				C561879F198F04760021AE64 /* Supporting Files */,
			);
			path = criacaoAnimalTests;
			sourceTree = "<group>";
		};
		C561879F198F04760021AE64 /* Supporting Files */ = {
			isa = PBXGroup;
			children = (
				C56187A0198F04760021AE64 /* criacaoAnimalTests-Info.plist */,
				C56187A1198F04760021AE64 /* InfoPlist.strings */,
			);
			name = "Supporting Files";
			sourceTree = "<group>";
		};
/* End PBXGroup section */

/* Begin PBXNativeTarget section */
		C561876E198F04760021AE64 /* criacaoAnimal */ = {
			isa = PBXNativeTarget;
			buildConfigurationList = C56187A8198F04760021AE64 /* Build configuration list for PBXNativeTarget "criacaoAnimal" */;
			buildPhases = (
				C561876B198F04760021AE64 /* Sources */,
				C561876C198F04760021AE64 /* Frameworks */,
				C561876D198F04760021AE64 /* Resources */,
			);
			buildRules = (
			);
			dependencies = (
			);
			name = criacaoAnimal;
			productName = criacaoAnimal;
			productReference = C561876F198F04760021AE64 /* criacaoAnimal.app */;
			productType = "com.apple.product-type.application";
		};
		C5618796198F04760021AE64 /* criacaoAnimalTests */ = {
			isa = PBXNativeTarget;
			buildConfigurationList = C56187AB198F04760021AE64 /* Build configuration list for PBXNativeTarget "criacaoAnimalTests" */;
			buildPhases = (
				C5618793198F04760021AE64 /* Sources */,
				C5618794198F04760021AE64 /* Frameworks */,
				C5618795198F04760021AE64 /* Resources */,
			);
			buildRules = (
			);
			dependencies = (
				C561879D198F04760021AE64 /* PBXTargetDependency */,
			);
			name = criacaoAnimalTests;
			productName = criacaoAnimalTests;
			productReference = C5618797198F04760021AE64 /* criacaoAnimalTests.xctest */;
			productType = "com.apple.product-type.bundle.unit-test";
		};
/* End PBXNativeTarget section */

/* Begin PBXProject section */
		C5618767198F04760021AE64 /* Project object */ = {
			isa = PBXProject;
			attributes = {
				CLASSPREFIX = DQ;
				LastUpgradeCheck = 0510;
				ORGANIZATIONNAME = "Leonardo de Sousa Mendes";
				TargetAttributes = {
					C5618796198F04760021AE64 = {
						TestTargetID = C561876E198F04760021AE64;
					};
				};
			};
			buildConfigurationList = C561876A198F04760021AE64 /* Build configuration list for PBXProject "criacaoAnimal" */;
			compatibilityVersion = "Xcode 3.2";
			developmentRegion = English;
			hasScannedForEncodings = 0;
			knownRegions = (
				en,
				Base,
			);
			mainGroup = C5618766198F04760021AE64;
			productRefGroup = C5618770198F04760021AE64 /* Products */;
			projectDirPath = "";
			projectRoot = "";
			targets = (
				C561876E198F04760021AE64 /* criacaoAnimal */,
				C5618796198F04760021AE64 /* criacaoAnimalTests */,
			);
		};
/* End PBXProject section */

/* Begin PBXResourcesBuildPhase section */
		C561876D198F04760021AE64 /* Resources */ = {
			isa = PBXResourcesBuildPhase;
			buildActionMask = 2147483647;
			files = (
				C55A4D71198FBF1E00C5B87E /* Leopardinho.atlas in Resources */,
				C561877F198F04760021AE64 /* InfoPlist.strings in Resources */,
				C5618792198F04760021AE64 /* Images.xcassets in Resources */,
				C5618790198F04760021AE64 /* Spaceship.png in Resources */,
				C5618788198F04760021AE64 /* Main.storyboard in Resources */,
			);
			runOnlyForDeploymentPostprocessing = 0;
		};
		C5618795198F04760021AE64 /* Resources */ = {
			isa = PBXResourcesBuildPhase;
			buildActionMask = 2147483647;
			files = (
				C56187A3198F04760021AE64 /* InfoPlist.strings in Resources */,
			);
			runOnlyForDeploymentPostprocessing = 0;
		};
/* End PBXResourcesBuildPhase section */

/* Begin PBXSourcesBuildPhase section */
		C561876B198F04760021AE64 /* Sources */ = {
			isa = PBXSourcesBuildPhase;
			buildActionMask = 2147483647;
			files = (
				C5618781198F04760021AE64 /* main.m in Sources */,
				C56187B0198F048A0021AE64 /* DQAnimal.m in Sources */,
				C59F03C7199D4C8A00DBC3FB /* DQUteis.m in Sources */,
				C561878B198F04760021AE64 /* DQViewController.m in Sources */,
				C54DFFFD199DAC0F0014FDA5 /* DQAnimalLeopardinho.m in Sources */,
				C5618785198F04760021AE64 /* DQAppDelegate.m in Sources */,
				C55A4D74198FC56600C5B87E /* DQIsca.m in Sources */,
				C561878E198F04760021AE64 /* DQMyScene.m in Sources */,
			);
			runOnlyForDeploymentPostprocessing = 0;
		};
		C5618793198F04760021AE64 /* Sources */ = {
			isa = PBXSourcesBuildPhase;
			buildActionMask = 2147483647;
			files = (
				942E8104199AA67A00D3FAF6 /* DQAnimal.m in Sources */,
				C56187A5198F04760021AE64 /* criacaoAnimalTests.m in Sources */,
			);
			runOnlyForDeploymentPostprocessing = 0;
		};
/* End PBXSourcesBuildPhase section */

/* Begin PBXTargetDependency section */
		C561879D198F04760021AE64 /* PBXTargetDependency */ = {
			isa = PBXTargetDependency;
			target = C561876E198F04760021AE64 /* criacaoAnimal */;
			targetProxy = C561879C198F04760021AE64 /* PBXContainerItemProxy */;
		};
/* End PBXTargetDependency section */

/* Begin PBXVariantGroup section */
		C561877D198F04760021AE64 /* InfoPlist.strings */ = {
			isa = PBXVariantGroup;
			children = (
				C561877E198F04760021AE64 /* en */,
			);
			name = InfoPlist.strings;
			sourceTree = "<group>";
		};
		C5618786198F04760021AE64 /* Main.storyboard */ = {
			isa = PBXVariantGroup;
			children = (
				C5618787198F04760021AE64 /* Base */,
			);
			name = Main.storyboard;
			sourceTree = "<group>";
		};
		C56187A1198F04760021AE64 /* InfoPlist.strings */ = {
			isa = PBXVariantGroup;
			children = (
				C56187A2198F04760021AE64 /* en */,
			);
			name = InfoPlist.strings;
			sourceTree = "<group>";
		};
/* End PBXVariantGroup section */

/* Begin XCBuildConfiguration section */
		C56187A6198F04760021AE64 /* Debug */ = {
			isa = XCBuildConfiguration;
			buildSettings = {
				ALWAYS_SEARCH_USER_PATHS = NO;
				CLANG_CXX_LANGUAGE_STANDARD = "gnu++0x";
				CLANG_CXX_LIBRARY = "libc++";
				CLANG_ENABLE_MODULES = YES;
				CLANG_ENABLE_OBJC_ARC = YES;
				CLANG_WARN_BOOL_CONVERSION = YES;
				CLANG_WARN_CONSTANT_CONVERSION = YES;
				CLANG_WARN_DIRECT_OBJC_ISA_USAGE = YES_ERROR;
				CLANG_WARN_EMPTY_BODY = YES;
				CLANG_WARN_ENUM_CONVERSION = YES;
				CLANG_WARN_INT_CONVERSION = YES;
				CLANG_WARN_OBJC_ROOT_CLASS = YES_ERROR;
				CLANG_WARN__DUPLICATE_METHOD_MATCH = YES;
				"CODE_SIGN_IDENTITY[sdk=iphoneos*]" = "iPhone Developer";
				COPY_PHASE_STRIP = NO;
				GCC_C_LANGUAGE_STANDARD = gnu99;
				GCC_DYNAMIC_NO_PIC = NO;
				GCC_OPTIMIZATION_LEVEL = 0;
				GCC_PREPROCESSOR_DEFINITIONS = (
					"DEBUG=1",
					"$(inherited)",
				);
				GCC_SYMBOLS_PRIVATE_EXTERN = NO;
				GCC_WARN_64_TO_32_BIT_CONVERSION = YES;
				GCC_WARN_ABOUT_RETURN_TYPE = YES_ERROR;
				GCC_WARN_UNDECLARED_SELECTOR = YES;
				GCC_WARN_UNINITIALIZED_AUTOS = YES_AGGRESSIVE;
				GCC_WARN_UNUSED_FUNCTION = YES;
				GCC_WARN_UNUSED_VARIABLE = YES;
				IPHONEOS_DEPLOYMENT_TARGET = 7.1;
				ONLY_ACTIVE_ARCH = YES;
				SDKROOT = iphoneos;
			};
			name = Debug;
		};
		C56187A7198F04760021AE64 /* Release */ = {
			isa = XCBuildConfiguration;
			buildSettings = {
				ALWAYS_SEARCH_USER_PATHS = NO;
				CLANG_CXX_LANGUAGE_STANDARD = "gnu++0x";
				CLANG_CXX_LIBRARY = "libc++";
				CLANG_ENABLE_MODULES = YES;
				CLANG_ENABLE_OBJC_ARC = YES;
				CLANG_WARN_BOOL_CONVERSION = YES;
				CLANG_WARN_CONSTANT_CONVERSION = YES;
				CLANG_WARN_DIRECT_OBJC_ISA_USAGE = YES_ERROR;
				CLANG_WARN_EMPTY_BODY = YES;
				CLANG_WARN_ENUM_CONVERSION = YES;
				CLANG_WARN_INT_CONVERSION = YES;
				CLANG_WARN_OBJC_ROOT_CLASS = YES_ERROR;
				CLANG_WARN__DUPLICATE_METHOD_MATCH = YES;
				"CODE_SIGN_IDENTITY[sdk=iphoneos*]" = "iPhone Developer";
				COPY_PHASE_STRIP = YES;
				ENABLE_NS_ASSERTIONS = NO;
				GCC_C_LANGUAGE_STANDARD = gnu99;
				GCC_WARN_64_TO_32_BIT_CONVERSION = YES;
				GCC_WARN_ABOUT_RETURN_TYPE = YES_ERROR;
				GCC_WARN_UNDECLARED_SELECTOR = YES;
				GCC_WARN_UNINITIALIZED_AUTOS = YES_AGGRESSIVE;
				GCC_WARN_UNUSED_FUNCTION = YES;
				GCC_WARN_UNUSED_VARIABLE = YES;
				IPHONEOS_DEPLOYMENT_TARGET = 7.1;
				SDKROOT = iphoneos;
				VALIDATE_PRODUCT = YES;
			};
			name = Release;
		};
		C56187A9198F04760021AE64 /* Debug */ = {
			isa = XCBuildConfiguration;
			buildSettings = {
				ASSETCATALOG_COMPILER_APPICON_NAME = AppIcon;
				ASSETCATALOG_COMPILER_LAUNCHIMAGE_NAME = LaunchImage;
				GCC_PRECOMPILE_PREFIX_HEADER = YES;
				GCC_PREFIX_HEADER = "criacaoAnimal/criacaoAnimal-Prefix.pch";
				INFOPLIST_FILE = "criacaoAnimal/criacaoAnimal-Info.plist";
				IPHONEOS_DEPLOYMENT_TARGET = 7.1;
				PRODUCT_NAME = "$(TARGET_NAME)";
				SPRITEKIT_TEXTURE_ATLAS_OUTPUT = YES;
				TARGETED_DEVICE_FAMILY = 2;
				WRAPPER_EXTENSION = app;
			};
			name = Debug;
		};
		C56187AA198F04760021AE64 /* Release */ = {
			isa = XCBuildConfiguration;
			buildSettings = {
				ASSETCATALOG_COMPILER_APPICON_NAME = AppIcon;
				ASSETCATALOG_COMPILER_LAUNCHIMAGE_NAME = LaunchImage;
				GCC_PRECOMPILE_PREFIX_HEADER = YES;
				GCC_PREFIX_HEADER = "criacaoAnimal/criacaoAnimal-Prefix.pch";
				INFOPLIST_FILE = "criacaoAnimal/criacaoAnimal-Info.plist";
				IPHONEOS_DEPLOYMENT_TARGET = 7.1;
				PRODUCT_NAME = "$(TARGET_NAME)";
				SPRITEKIT_TEXTURE_ATLAS_OUTPUT = YES;
				TARGETED_DEVICE_FAMILY = 2;
				WRAPPER_EXTENSION = app;
			};
			name = Release;
		};
		C56187AC198F04760021AE64 /* Debug */ = {
			isa = XCBuildConfiguration;
			buildSettings = {
				BUNDLE_LOADER = "$(BUILT_PRODUCTS_DIR)/criacaoAnimal.app/criacaoAnimal";
				FRAMEWORK_SEARCH_PATHS = (
					"$(SDKROOT)/Developer/Library/Frameworks",
					"$(inherited)",
					"$(DEVELOPER_FRAMEWORKS_DIR)",
				);
				GCC_PRECOMPILE_PREFIX_HEADER = YES;
				GCC_PREFIX_HEADER = "criacaoAnimal/criacaoAnimal-Prefix.pch";
				GCC_PREPROCESSOR_DEFINITIONS = (
					"DEBUG=1",
					"$(inherited)",
				);
				INFOPLIST_FILE = "criacaoAnimalTests/criacaoAnimalTests-Info.plist";
				PRODUCT_NAME = "$(TARGET_NAME)";
				TEST_HOST = "$(BUNDLE_LOADER)";
				WRAPPER_EXTENSION = xctest;
			};
			name = Debug;
		};
		C56187AD198F04760021AE64 /* Release */ = {
			isa = XCBuildConfiguration;
			buildSettings = {
				BUNDLE_LOADER = "$(BUILT_PRODUCTS_DIR)/criacaoAnimal.app/criacaoAnimal";
				FRAMEWORK_SEARCH_PATHS = (
					"$(SDKROOT)/Developer/Library/Frameworks",
					"$(inherited)",
					"$(DEVELOPER_FRAMEWORKS_DIR)",
				);
				GCC_PRECOMPILE_PREFIX_HEADER = YES;
				GCC_PREFIX_HEADER = "criacaoAnimal/criacaoAnimal-Prefix.pch";
				INFOPLIST_FILE = "criacaoAnimalTests/criacaoAnimalTests-Info.plist";
				PRODUCT_NAME = "$(TARGET_NAME)";
				TEST_HOST = "$(BUNDLE_LOADER)";
				WRAPPER_EXTENSION = xctest;
			};
			name = Release;
		};
/* End XCBuildConfiguration section */

/* Begin XCConfigurationList section */
		C561876A198F04760021AE64 /* Build configuration list for PBXProject "criacaoAnimal" */ = {
			isa = XCConfigurationList;
			buildConfigurations = (
				C56187A6198F04760021AE64 /* Debug */,
				C56187A7198F04760021AE64 /* Release */,
			);
			defaultConfigurationIsVisible = 0;
			defaultConfigurationName = Release;
		};
		C56187A8198F04760021AE64 /* Build configuration list for PBXNativeTarget "criacaoAnimal" */ = {
			isa = XCConfigurationList;
			buildConfigurations = (
				C56187A9198F04760021AE64 /* Debug */,
				C56187AA198F04760021AE64 /* Release */,
			);
			defaultConfigurationIsVisible = 0;
			defaultConfigurationName = Release;
		};
		C56187AB198F04760021AE64 /* Build configuration list for PBXNativeTarget "criacaoAnimalTests" */ = {
			isa = XCConfigurationList;
			buildConfigurations = (
				C56187AC198F04760021AE64 /* Debug */,
				C56187AD198F04760021AE64 /* Release */,
			);
			defaultConfigurationIsVisible = 0;
			defaultConfigurationName = Release;
		};
/* End XCConfigurationList section */
	};
	rootObject = C5618767198F04760021AE64 /* Project object */;
}
